Microsoft Visual Studio Solution File, Format Version 9.00
# Visual Studio 2005
Project("{FAE04EC0-301F-11D3-BF4B-00C04F79EFBC}") = "WinExample.Module", "WinExample.Module\WinExample.Module.csproj", "{F441C30D-D09A-4A3F-945C-5B635E0488B9}"
EndProject
Project("{FAE04EC0-301F-11D3-BF4B-00C04F79EFBC}") = "WinExample.Module.Win", "WinExample.Module.Win\WinExample.Module.Win.csproj", "{4B25435F-D68C-4946-B69F-CB6166D3444D}"
EndProject
Project("{FAE04EC0-301F-11D3-BF4B-00C04F79EFBC}") = "WinExample.Win", "WinExample.Win\WinExample.Win.csproj", "{628ACE2A-E2ED-4A28-B3A0-E51C8F1FC634}"
EndProject
Global
	GlobalSection(SolutionConfigurationPlatforms) = preSolution
		Debug|Any CPU = Debug|Any CPU
		Release|Any CPU = Release|Any CPU
	EndGlobalSection
	GlobalSection(ProjectConfigurationPlatforms) = postSolution
		{F441C30D-D09A-4A3F-945C-5B635E0488B9}.Debug|Any CPU.ActiveCfg = Debug|Any CPU
		{F441C30D-D09A-4A3F-945C-5B635E0488B9}.Debug|Any CPU.Build.0 = Debug|Any CPU
		{F441C30D-D09A-4A3F-945C-5B635E0488B9}.Release|Any CPU.ActiveCfg = Release|Any CPU
		{F441C30D-D09A-4A3F-945C-5B635E0488B9}.Release|Any CPU.Build.0 = Release|Any CPU
		{4B25435F-D68C-4946-B69F-CB6166D3444D}.Debug|Any CPU.ActiveCfg = Debug|Any CPU
		{4B25435F-D68C-4946-B69F-CB6166D3444D}.Debug|Any CPU.Build.0 = Debug|Any CPU
		{4B25435F-D68C-4946-B69F-CB6166D3444D}.Release|Any CPU.ActiveCfg = Release|Any CPU
		{4B25435F-D68C-4946-B69F-CB6166D3444D}.Release|Any CPU.Build.0 = Release|Any CPU
		{628ACE2A-E2ED-4A28-B3A0-E51C8F1FC634}.Debug|Any CPU.ActiveCfg = Debug|Any CPU
		{628ACE2A-E2ED-4A28-B3A0-E51C8F1FC634}.Debug|Any CPU.Build.0 = Debug|Any CPU
		{628ACE2A-E2ED-4A28-B3A0-E51C8F1FC634}.Release|Any CPU.ActiveCfg = Release|Any CPU
		{628ACE2A-E2ED-4A28-B3A0-E51C8F1FC634}.Release|Any CPU.Build.0 = Release|Any CPU
	EndGlobalSection
	GlobalSection(SolutionProperties) = preSolution
		HideSolutionNode = FALSE
	EndGlobalSection
EndGlobal
